{
  "version": 4,
  "terraform_version": "1.9.7",
  "serial": 15,
  "lineage": "cf13b75f-d917-15d7-7768-90e5fa3cbf25",
  "outputs": {
    "instance_ip": {
      "value": "46.101.121.5",
      "type": "string"
    }
  },
  "resources": [
    {
      "mode": "managed",
      "type": "digitalocean_droplet",
      "name": "my_instance",
      "provider": "provider[\"registry.terraform.io/digitalocean/digitalocean\"]",
      "instances": [
        {
          "schema_version": 1,
          "attributes": {
            "backups": false,
            "created_at": "2024-10-20T13:50:52Z",
            "disk": 100,
            "droplet_agent": null,
            "graceful_shutdown": false,
            "id": "452856980",
            "image": "ubuntu-20-04-x64",
            "ipv4_address": "46.101.121.5",
            "ipv4_address_private": "10.1.0.2",
            "ipv6": false,
            "ipv6_address": "",
            "locked": false,
            "memory": 8192,
            "monitoring": false,
            "name": "my-droplet",
            "price_hourly": 0.0625,
            "price_monthly": 42,
            "private_networking": true,
            "region": "fra1",
            "resize_disk": true,
            "size": "s-2vcpu-8gb-amd",
            "ssh_keys": [
              "43804899"
            ],
            "status": "active",
            "tags": null,
            "timeouts": null,
            "urn": "do:droplet:452856980",
            "user_data": null,
            "vcpus": 2,
            "volume_ids": [],
            "vpc_uuid": "649ef12e-5f00-4a3c-822b-ab8283929f13"
          },
          "sensitive_attributes": [],
          "private": "eyJlMmJmYjczMC1lY2FhLTExZTYtOGY4OC0zNDM2M2JjN2M0YzAiOnsiY3JlYXRlIjozNjAwMDAwMDAwMDAwLCJkZWxldGUiOjYwMDAwMDAwMDAwLCJ1cGRhdGUiOjM2MDAwMDAwMDAwMDB9LCJzY2hlbWFfdmVyc2lvbiI6IjEifQ==",
          "dependencies": [
            "digitalocean_vpc.my_vpc"
          ]
        }
      ]
    },
    {
      "mode": "managed",
      "type": "digitalocean_firewall",
      "name": "my_firewall",
      "provider": "provider[\"registry.terraform.io/digitalocean/digitalocean\"]",
      "instances": [
        {
          "schema_version": 0,
          "attributes": {
            "created_at": "2024-10-20T13:51:24Z",
            "droplet_ids": [
              452856980
            ],
            "id": "f81adf8c-b433-48c2-942d-7a4edab5cd2f",
            "inbound_rule": [
              {
                "port_range": "22",
                "protocol": "tcp",
                "source_addresses": [
                  "0.0.0.0/0"
                ],
                "source_droplet_ids": [],
                "source_kubernetes_ids": [],
                "source_load_balancer_uids": [],
                "source_tags": []
              },
              {
                "port_range": "80",
                "protocol": "tcp",
                "source_addresses": [
                  "0.0.0.0/0"
                ],
                "source_droplet_ids": [],
                "source_kubernetes_ids": [],
                "source_load_balancer_uids": [],
                "source_tags": []
              },
              {
                "port_range": "8080",
                "protocol": "tcp",
                "source_addresses": [
                  "0.0.0.0/0"
                ],
                "source_droplet_ids": [],
                "source_kubernetes_ids": [],
                "source_load_balancer_uids": [],
                "source_tags": []
              }
            ],
            "name": "my-firewall",
            "outbound_rule": [
              {
                "destination_addresses": [
                  "0.0.0.0/0"
                ],
                "destination_droplet_ids": [],
                "destination_kubernetes_ids": [],
                "destination_load_balancer_uids": [],
                "destination_tags": [],
                "port_range": "",
                "protocol": "icmp"
              }
            ],
            "pending_changes": [
              {
                "droplet_id": 452856980,
                "removing": false,
                "status": "waiting"
              }
            ],
            "status": "waiting",
            "tags": null
          },
          "sensitive_attributes": [],
          "private": "bnVsbA==",
          "dependencies": [
            "digitalocean_droplet.my_instance",
            "digitalocean_vpc.my_vpc"
          ]
        }
      ]
    },
    {
      "mode": "managed",
      "type": "digitalocean_vpc",
      "name": "my_vpc",
      "provider": "provider[\"registry.terraform.io/digitalocean/digitalocean\"]",
      "instances": [
        {
          "schema_version": 0,
          "attributes": {
            "created_at": "2024-10-20 13:50:51 +0000 UTC",
            "default": false,
            "description": "",
            "id": "649ef12e-5f00-4a3c-822b-ab8283929f13",
            "ip_range": "10.1.0.0/16",
            "name": "my-vpc-new",
            "region": "fra1",
            "timeouts": null,
            "urn": "do:vpc:649ef12e-5f00-4a3c-822b-ab8283929f13"
          },
          "sensitive_attributes": [],
          "private": "eyJlMmJmYjczMC1lY2FhLTExZTYtOGY4OC0zNDM2M2JjN2M0YzAiOnsiZGVsZXRlIjoxMjAwMDAwMDAwMDB9fQ=="
        }
      ]
    }
  ],
  "check_results": null
}
